
Microsoft Visual Studio Solution File, Format Version 12.00
# Visual Studio Version 16
VisualStudioVersion = 16.0.30503.244
MinimumVisualStudioVersion = 10.0.40219.1
Project("{888888A0-9F3D-457C-B088-3A5042F75D52}") = "Exemples", "Exemples.pyproj", "{EF2822AE-F944-4C2B-9E64-2DDB9E3742C7}"
EndProject
Global
	GlobalSection(SolutionConfigurationPlatforms) = preSolution
		Debug|Any CPU = Debug|Any CPU
		Release|Any CPU = Release|Any CPU
	EndGlobalSection
	GlobalSection(ProjectConfigurationPlatforms) = postSolution
		{EF2822AE-F944-4C2B-9E64-2DDB9E3742C7}.Debug|Any CPU.ActiveCfg = Debug|Any CPU
		{EF2822AE-F944-4C2B-9E64-2DDB9E3742C7}.Release|Any CPU.ActiveCfg = Release|Any CPU
	EndGlobalSection
	GlobalSection(SolutionProperties) = preSolution
		HideSolutionNode = FALSE
	EndGlobalSection
	GlobalSection(ExtensibilityGlobals) = postSolution
		SolutionGuid = {E68F5485-E18E-4D83-8793-BE200D873061}
	EndGlobalSection
EndGlobal
